{
  "version": 2,
  "dependencies": {
    "net9.0": {
      "Microsoft.NET.Test.Sdk": {
        "type": "Direct",
        "requested": "[17.13.0, )",
        "resolved": "17.13.0",
        "contentHash": "W19wCPizaIC9Zh47w8wWI/yxuqR7/dtABwOrc8r2jX/8mUNxM2vw4fXDh+DJTeogxV+KzKwg5jNNGQVwf3LXyA==",
        "dependencies": {
          "Microsoft.CodeCoverage": "17.13.0",
          "Microsoft.TestPlatform.TestHost": "17.13.0"
        }
      },
      "System.Memory": {
        "type": "Direct",
        "requested": "[4.6.3, )",
        "resolved": "4.6.3",
        "contentHash": "qdcDOgnFZY40+Q9876JUHnlHu7bosOHX8XISRoH94fwk6hgaeQGSgfZd8srWRZNt5bV9ZW2TljcegDNxsf+96A=="
      },
      "Workleap.DotNet.CodingStandards": {
        "type": "Direct",
        "requested": "[1.1.5, )",
        "resolved": "1.1.5",
        "contentHash": "GuHKkOzYIQStkPADKxWFaJ9C8/4GcIwD0jncllHjKEE19HUgEnKkeuDlBvLVaWb52ESl3FugFlABLuY/d7UCVg==",
        "dependencies": {
          "Meziantou.Analyzer": "2.0.195",
          "Microsoft.CodeAnalysis.BannedApiAnalyzers": "3.3.4",
          "Microsoft.CodeAnalysis.NetAnalyzers": "9.0.0",
          "StyleCop.Analyzers": "1.2.0-beta.556"
        }
      },
      "xunit.runner.visualstudio": {
        "type": "Direct",
        "requested": "[3.0.2, )",
        "resolved": "3.0.2",
        "contentHash": "oXbusR6iPq0xlqoikjdLvzh+wQDkMv9If58myz9MEzldS4nIcp442Btgs2sWbYWV+caEluMe2pQCZ0hUZgPiow=="
      },
      "xunit.v3": {
        "type": "Direct",
        "requested": "[2.0.1, )",
        "resolved": "2.0.1",
        "contentHash": "aZd9scfbb2bq8i2d9LDh8A/R1DZX/M4eASfxuL3RZUHw/5VaHi8+sb9jPODVPTA/hYRsCu+2DsEOLI2AQJCrhw==",
        "dependencies": {
          "xunit.analyzers": "1.21.0",
          "xunit.v3.assert": "[2.0.1]",
          "xunit.v3.core": "[2.0.1]"
        }
      },
      "DnsClient": {
        "type": "Transitive",
        "resolved": "1.6.1",
        "contentHash": "4H/f2uYJOZ+YObZjpY9ABrKZI+JNw3uizp6oMzTXwDw6F+2qIPhpRl/1t68O/6e98+vqNiYGu+lswmwdYUy3gg==",
        "dependencies": {
          "Microsoft.Win32.Registry": "5.0.0"
        }
      },
      "Meziantou.Analyzer": {
        "type": "Transitive",
        "resolved": "2.0.195",
        "contentHash": "rQJ/FWl4vBd79QtNXkjg4lKcSu4a/jGNuikUNH5iTqfnsdA1qv3nDrCX51T3i7DP5L6f9UoN4NoQMuezmEQeWQ=="
      },
      "Microsoft.Bcl.AsyncInterfaces": {
        "type": "Transitive",
        "resolved": "6.0.0",
        "contentHash": "UcSjPsst+DfAdJGVDsu346FX0ci0ah+lw3WRtn18NUwEqRt70HaOQ7lI72vy3+1LxtqI3T5GWwV39rQSrCzAeg=="
      },
      "Microsoft.CodeAnalysis.BannedApiAnalyzers": {
        "type": "Transitive",
        "resolved": "3.3.4",
        "contentHash": "0k2Jwpc8eq0hjOtX6TxRkHm9clkJ2PAQ3heEHgqIJZcsfdFosC/iyz18nsgTVDDWpID80rC7aiYK7ripx+Qndg=="
      },
      "Microsoft.CodeAnalysis.NetAnalyzers": {
        "type": "Transitive",
        "resolved": "9.0.0",
        "contentHash": "JajbvkrBgtdRghavIjcJuNHMOja4lqBmEezbhZyqWPYh2cpLhT5mPpfC7NQVDO4IehWQum9t/nwF4v+qQGtYWg=="
      },
      "Microsoft.CodeCoverage": {
        "type": "Transitive",
        "resolved": "17.13.0",
        "contentHash": "9LIUy0y+DvUmEPtbRDw6Bay3rzwqFV8P4efTrK4CZhQle3M/QwLPjISghfcolmEGAPWxuJi6m98ZEfk4VR4Lfg=="
      },
      "Microsoft.Extensions.Logging.Abstractions": {
        "type": "Transitive",
        "resolved": "2.0.0",
        "contentHash": "6ZCllUYGFukkymSTx3Yr0G/ajRxoNJp7/FqSxSB4fGISST54ifBhgu4Nc0ItGi3i6DqwuNd8SUyObmiC++AO2Q=="
      },
      "Microsoft.NETCore.Platforms": {
        "type": "Transitive",
        "resolved": "5.0.0",
        "contentHash": "VyPlqzH2wavqquTcYpkIIAQ6WdenuKoFN0BdYBbCWsclXacSOHNQn66Gt4z5NBqEYW0FAPm5rlvki9ZiCij5xQ=="
      },
      "Microsoft.Testing.Extensions.TrxReport.Abstractions": {
        "type": "Transitive",
        "resolved": "1.6.3",
        "contentHash": "0MdowM+3IDVWE5VBzVe9NvxsE4caSbM3fO+jlWVzEBr/Vnc3BWx+uV/Ex0dLLpkxkeUKH2gGWTNLb39rw3DDqw==",
        "dependencies": {
          "Microsoft.Testing.Platform": "1.6.3"
        }
      },
      "Microsoft.Testing.Platform": {
        "type": "Transitive",
        "resolved": "1.6.3",
        "contentHash": "DqMZukaPo+vKzColfqd1I5qZebfISZT6ND70AOem/dYQmHsaMN0xg/JG7E0e80rwfxL7wAA4ylSg8j6KJf1Tuw=="
      },
      "Microsoft.Testing.Platform.MSBuild": {
        "type": "Transitive",
        "resolved": "1.6.3",
        "contentHash": "PXSYI5Iae29GM5636zOL8PlQD1YyOa9cfzfYLR43hrLjjK7RDJgMTvgAet3oZLgDTvz6pbzABZvhx+S/W5m8YA==",
        "dependencies": {
          "Microsoft.Testing.Platform": "1.6.3"
        }
      },
      "Microsoft.TestPlatform.ObjectModel": {
        "type": "Transitive",
        "resolved": "17.13.0",
        "contentHash": "bt0E0Dx+iqW97o4A59RCmUmz/5NarJ7LRL+jXbSHod72ibL5XdNm1Ke+UO5tFhBG4VwHLcSjqq9BUSblGNWamw==",
        "dependencies": {
          "System.Reflection.Metadata": "1.6.0"
        }
      },
      "Microsoft.TestPlatform.TestHost": {
        "type": "Transitive",
        "resolved": "17.13.0",
        "contentHash": "9GGw08Dc3AXspjekdyTdZ/wYWFlxbgcF0s7BKxzVX+hzAwpifDOdxM+ceVaaJSQOwqt3jtuNlHn3XTpKUS9x9Q==",
        "dependencies": {
          "Microsoft.TestPlatform.ObjectModel": "17.13.0",
          "Newtonsoft.Json": "13.0.1"
        }
      },
      "Microsoft.Win32.Registry": {
        "type": "Transitive",
        "resolved": "5.0.0",
        "contentHash": "dDoKi0PnDz31yAyETfRntsLArTlVAVzUzCIvvEDsDsucrl33Dl8pIJG06ePTJTI3tGpeyHS9Cq7Foc/s4EeKcg==",
        "dependencies": {
          "System.Security.AccessControl": "5.0.0",
          "System.Security.Principal.Windows": "5.0.0"
        }
      },
      "MongoDB.Bson": {
        "type": "Transitive",
        "resolved": "3.3.0",
        "contentHash": "6y1uFFmU3O7tIAOcWmOkFImar+VtSeaia3bzaZTDXc30CP1zsPaUNLhM8CzUCzEzGc02rQlEaWQwV/LzA0NlXA==",
        "dependencies": {
          "System.Memory": "4.5.5",
          "System.Runtime.CompilerServices.Unsafe": "5.0.0"
        }
      },
      "Newtonsoft.Json": {
        "type": "Transitive",
        "resolved": "13.0.1",
        "contentHash": "ppPFpBcvxdsfUonNcvITKqLl3bqxWbDCZIzDWHzjpdAHRFfZe0Dw9HmA0+za13IdyrgJwpkDTDA9fHaxOrt20A=="
      },
      "SharpCompress": {
        "type": "Transitive",
        "resolved": "0.30.1",
        "contentHash": "XqD4TpfyYGa7QTPzaGlMVbcecKnXy4YmYLDWrU+JIj7IuRNl7DH2END+Ll7ekWIY8o3dAMWLFDE1xdhfIWD1nw=="
      },
      "Snappier": {
        "type": "Transitive",
        "resolved": "1.0.0",
        "contentHash": "rFtK2KEI9hIe8gtx3a0YDXdHOpedIf9wYCEYtBEmtlyiWVX3XlCNV03JrmmAi/Cdfn7dxK+k0sjjcLv4fpHnqA=="
      },
      "StyleCop.Analyzers": {
        "type": "Transitive",
        "resolved": "1.2.0-beta.556",
        "contentHash": "llRPgmA1fhC0I0QyFLEcjvtM2239QzKr/tcnbsjArLMJxJlu0AA5G7Fft0OI30pHF3MW63Gf4aSSsjc5m82J1Q==",
        "dependencies": {
          "StyleCop.Analyzers.Unstable": "1.2.0.556"
        }
      },
      "StyleCop.Analyzers.Unstable": {
        "type": "Transitive",
        "resolved": "1.2.0.556",
        "contentHash": "zvn9Mqs/ox/83cpYPignI8hJEM2A93s2HkHs8HYMOAQW0PkampyoErAiIyKxgTLqbbad29HX/shv/6LGSjPJNQ=="
      },
      "System.Buffers": {
        "type": "Transitive",
        "resolved": "4.5.1",
        "contentHash": "Rw7ijyl1qqRS0YQD/WycNst8hUUMgrMH4FCn1nNm27M4VxchZ1js3fVjQaANHO5f3sN4isvP4a+Met9Y4YomAg=="
      },
      "System.Reflection.Metadata": {
        "type": "Transitive",
        "resolved": "1.6.0",
        "contentHash": "COC1aiAJjCoA5GBF+QKL2uLqEBew4JsCkQmoHKbN3TlOZKa2fKLz5CpiRQKDz0RsAOEGsVKqOD5bomsXq/4STQ=="
      },
      "System.Runtime.CompilerServices.Unsafe": {
        "type": "Transitive",
        "resolved": "5.0.0",
        "contentHash": "ZD9TMpsmYJLrxbbmdvhwt9YEgG5WntEnZ/d1eH8JBX9LBp+Ju8BSBhUGbZMNVHHomWo2KVImJhTDl2hIgw/6MA=="
      },
      "System.Security.AccessControl": {
        "type": "Transitive",
        "resolved": "5.0.0",
        "contentHash": "dagJ1mHZO3Ani8GH0PHpPEe/oYO+rVdbQjvjJkBRNQkX4t0r1iaeGn8+/ybkSLEan3/slM0t59SVdHzuHf2jmw==",
        "dependencies": {
          "Microsoft.NETCore.Platforms": "5.0.0",
          "System.Security.Principal.Windows": "5.0.0"
        }
      },
      "System.Security.Principal.Windows": {
        "type": "Transitive",
        "resolved": "5.0.0",
        "contentHash": "t0MGLukB5WAVU9bO3MGzvlGnyJPgUlcwerXn1kzBRjwLKixT96XV0Uza41W49gVd8zEMFu9vQEFlv0IOrytICA=="
      },
      "xunit.analyzers": {
        "type": "Transitive",
        "resolved": "1.21.0",
        "contentHash": "2KvcXvsqZQnwQmdEJC4BGXCsllgMtfbhlnY7MlDu5ZsKLWDEnYT5PNqGLiQQnxQYqwkOyTPAbrCwUyI9ZfJ2fg=="
      },
      "xunit.v3.assert": {
        "type": "Transitive",
        "resolved": "2.0.1",
        "contentHash": "kRHFGQx8InD5VhLxUVGoNLQ+zieMHGRcqIoybggCqWJJR/YQVo/BbfVq2tlxuC/D6Fh7hciDQQtuiz0qxbkHLg=="
      },
      "xunit.v3.common": {
        "type": "Transitive",
        "resolved": "2.0.1",
        "contentHash": "yAiB2YncUZ9NTzaByPElXFXZLnmksy5H9ufNqV1vAWRBWVohBnM7pwVcJG86nI7ZYnCJAulEqSTlw6O+JaXi5A==",
        "dependencies": {
          "Microsoft.Bcl.AsyncInterfaces": "6.0.0"
        }
      },
      "xunit.v3.core": {
        "type": "Transitive",
        "resolved": "2.0.1",
        "contentHash": "CtLhyvFOMvd+OG83GoYXOAtlImg9kVG0mC0Oz520BG8UkRLXXrHxQH8o4VG97FTNouCQV5luejUc2S6F3Plgsg==",
        "dependencies": {
          "Microsoft.Testing.Platform.MSBuild": "1.6.3",
          "xunit.v3.extensibility.core": "[2.0.1]",
          "xunit.v3.runner.inproc.console": "[2.0.1]"
        }
      },
      "xunit.v3.extensibility.core": {
        "type": "Transitive",
        "resolved": "2.0.1",
        "contentHash": "bSJU4PidfMf9qnLzEozplpy2BrZcj+lZshuUtzuT2Itq4h7RuanldGkz/ybYTI7jThXiUUkSytnCT3+D5h1yrA==",
        "dependencies": {
          "xunit.v3.common": "[2.0.1]"
        }
      },
      "xunit.v3.runner.common": {
        "type": "Transitive",
        "resolved": "2.0.1",
        "contentHash": "XhHprIUiDH1gHdlbHz2Dd2FIiooo82wkzOe+llaw+rIHij4G/vSDxLUTvhSUX6ZpbeHc1i3oEc2DahCFKidwzQ==",
        "dependencies": {
          "xunit.v3.common": "[2.0.1]"
        }
      },
      "xunit.v3.runner.inproc.console": {
        "type": "Transitive",
        "resolved": "2.0.1",
        "contentHash": "MBk3QekEbnlueTQVfNzXbrDXRSPFUsqBppSHPmkZpcJai06bbv6CAHUZciOjxUj5Y0F2MKhdc5XSiu0bwZUrfA==",
        "dependencies": {
          "Microsoft.Testing.Extensions.TrxReport.Abstractions": "1.6.3",
          "Microsoft.Testing.Platform": "1.6.3",
          "xunit.v3.extensibility.core": "[2.0.1]",
          "xunit.v3.runner.common": "[2.0.1]"
        }
      },
      "ZstdSharp.Port": {
        "type": "Transitive",
        "resolved": "0.7.3",
        "contentHash": "U9Ix4l4cl58Kzz1rJzj5hoVTjmbx1qGMwzAcbv1j/d3NzrFaESIurQyg+ow4mivCgkE3S413y+U9k4WdnEIkRA=="
      },
      "ephemeralmongo": {
        "type": "Project",
        "dependencies": {
          "MongoDB.Driver": "[3.3.0, )"
        }
      },
      "MongoDB.Driver": {
        "type": "CentralTransitive",
        "requested": "[3.3.0, )",
        "resolved": "3.3.0",
        "contentHash": "1EVdMMTsUllMJC+4BPQlcxGzn1pB43vAQ03VCx0QpfbhzaYTqnuHKBp3rAPG5aSo2az4JXKXwrQca7GhP/NhUQ==",
        "dependencies": {
          "DnsClient": "1.6.1",
          "Microsoft.Extensions.Logging.Abstractions": "2.0.0",
          "MongoDB.Bson": "3.3.0",
          "SharpCompress": "0.30.1",
          "Snappier": "1.0.0",
          "System.Buffers": "4.5.1",
          "ZstdSharp.Port": "0.7.3"
        }
      }
    }
  }
}